{
  "nodes": {
    "home-manager": {
      "inputs": {
        "nixpkgs": "nixpkgs"
      },
      "locked": {
        "lastModified": 1649392573,
        "narHash": "sha256-dCPEJZzExz2+i7AjUuViZUgHC+JXDlBBG/IzuSYWCh8=",
        "owner": "nix-community",
        "repo": "home-manager",
        "rev": "f911ebbec927e8e9b582f2e32e2b35f730074cfc",
        "type": "github"
      },
      "original": {
        "owner": "nix-community",
        "repo": "home-manager",
        "type": "github"
      }
    },
    "lunixpkgs": {
      "inputs": {
        "nixpkgs": "nixpkgs_2"
      },
      "locked": {
        "lastModified": 1650083362,
        "narHash": "sha256-+BTdkI+skl5fUdj1DWtS3KdWakFQdPKvBYg7BuJAsZk=",
        "owner": "luisfelipemourapereira",
        "repo": "lunixpkgs",
        "rev": "625ee270875244e2dfb40153a513cdefdd02476e",
        "type": "github"
      },
      "original": {
        "owner": "luisfelipemourapereira",
        "repo": "lunixpkgs",
        "type": "github"
      }
    },
    "nixpkgs": {
      "locked": {
        "lastModified": 1639147144,
        "narHash": "sha256-JjM0OzN1tfPU3Vh67EJ6i6Hbax6qj0o5O6Ov8wiUGo8=",
        "owner": "NixOS",
        "repo": "nixpkgs",
        "rev": "91ca3ab15fb7800fd48b84a9940e2432db778d1f",
        "type": "github"
      },
      "original": {
        "id": "nixpkgs",
        "type": "indirect"
      }
    },
    "nixpkgs_2": {
      "locked": {
        "lastModified": 1624561540,
        "narHash": "sha256-izJ2PYZMGMsSkg+e7c9A1x3t/yOLT+qzUM6WQsc2tqo=",
        "owner": "NixOS",
        "repo": "nixpkgs",
        "rev": "c6a049a3d32293b24c0f894a840872cf67fd7c11",
        "type": "github"
      },
      "original": {
        "owner": "NixOS",
        "ref": "nixpkgs-unstable",
        "repo": "nixpkgs",
        "type": "github"
      }
    },
    "nixpkgs_3": {
      "locked": {
        "lastModified": 1648466084,
        "narHash": "sha256-rFghVNg32CDKbOd1byfaMtAShJmVqdtUMdy7OWr+FMw=",
        "owner": "NixOS",
        "repo": "nixpkgs",
        "rev": "a2095107b51b6fb50f8c79f7927bf16f1335638e",
        "type": "github"
      },
      "original": {
        "owner": "NixOS",
        "repo": "nixpkgs",
        "type": "github"
      }
    },
    "root": {
      "inputs": {
        "home-manager": "home-manager",
        "lunixpkgs": "lunixpkgs",
        "nixpkgs": "nixpkgs_3"
      }
    }
  },
  "root": "root",
  "version": 7
}
