{
  "nodes": {
    "autorandr": {
      "inputs": {
        "flake-utils": "flake-utils",
        "nixpkgs": "nixpkgs",
        "rust-overlay": "rust-overlay"
      },
      "locked": {
        "lastModified": 1636732626,
        "narHash": "sha256-0Quye6D1JjsVStADClR9MXlsH2i6ihBV9iOgQCBx9+E=",
        "owner": "theotherjimmy",
        "repo": "autorandr-rs",
        "rev": "cecda70c66db983c1fc7e4a04d8f2cec91f16f13",
        "type": "github"
      },
      "original": {
        "owner": "theotherjimmy",
        "repo": "autorandr-rs",
        "type": "github"
      }
    },
    "flake-utils": {
      "locked": {
        "lastModified": 1631561581,
        "narHash": "sha256-3VQMV5zvxaVLvqqUrNz3iJelLw30mIVSfZmAaauM3dA=",
        "owner": "numtide",
        "repo": "flake-utils",
        "rev": "7e5bf3925f6fbdfaf50a2a7ca0be2879c4261d19",
        "type": "github"
      },
      "original": {
        "owner": "numtide",
        "ref": "master",
        "repo": "flake-utils",
        "type": "github"
      }
    },
    "home-manager": {
      "inputs": {
        "nixpkgs": "nixpkgs_2"
      },
      "locked": {
        "lastModified": 1638311312,
        "narHash": "sha256-OMAd3WZ/VtMK0QQwDrrynP6+jOlWLd1yQtnW56+eZtA=",
        "owner": "luisfelipemourapereira",
        "repo": "home-manager",
        "rev": "f23073f1daa769a28a12ac587eea487aa8afb196",
        "type": "github"
      },
      "original": {
        "owner": "luisfelipemourapereira",
        "repo": "home-manager",
        "type": "github"
      }
    },
    "nixpkgs": {
      "locked": {
        "lastModified": 1633736792,
        "narHash": "sha256-O4QQzS2+bvpkiqSHiopcii0Mxc7zeD4xWeeECQFCm4s=",
        "owner": "nixos",
        "repo": "nixpkgs",
        "rev": "06e0a8e43a18bcbda088b54c4b931cad842ef76d",
        "type": "github"
      },
      "original": {
        "owner": "nixos",
        "ref": "master",
        "repo": "nixpkgs",
        "type": "github"
      }
    },
    "nixpkgs_2": {
      "locked": {
        "lastModified": 1638238364,
        "narHash": "sha256-AAXH2hbVSAjMLEldBN5eZ4g8ixtNAQ+POFunXchNCXo=",
        "owner": "NixOS",
        "repo": "nixpkgs",
        "rev": "2f0f91fe692b040d79bc0fc8d9af7f166385b752",
        "type": "github"
      },
      "original": {
        "id": "nixpkgs",
        "type": "indirect"
      }
    },
    "nixpkgs_3": {
      "locked": {
        "lastModified": 1638198142,
        "narHash": "sha256-plU9b8r4St6q4U7VHtG9V7oF8k9fIpfXl/KDaZLuY9k=",
        "owner": "nixos",
        "repo": "nixpkgs",
        "rev": "8a308775674e178495767df90c419425474582a1",
        "type": "github"
      },
      "original": {
        "owner": "nixos",
        "ref": "nixos-unstable",
        "repo": "nixpkgs",
        "type": "github"
      }
    },
    "root": {
      "inputs": {
        "autorandr": "autorandr",
        "home-manager": "home-manager",
        "nixpkgs": "nixpkgs_3"
      }
    },
    "rust-overlay": {
      "inputs": {
        "flake-utils": [
          "autorandr",
          "flake-utils"
        ],
        "nixpkgs": [
          "autorandr",
          "nixpkgs"
        ]
      },
      "locked": {
        "lastModified": 1633659483,
        "narHash": "sha256-tzEpYI8IMtzm/eqZp3tKe4A/g1iWF4xub0E58wA7uu0=",
        "owner": "oxalica",
        "repo": "rust-overlay",
        "rev": "7da3fe8b192f96dfe8b2223f4fe55e2e40850a2a",
        "type": "github"
      },
      "original": {
        "owner": "oxalica",
        "ref": "master",
        "repo": "rust-overlay",
        "type": "github"
      }
    }
  },
  "root": "root",
  "version": 7
}
