{
  "nodes": {
    "home-manager": {
      "inputs": {
        "nixpkgs": "nixpkgs"
      },
      "locked": {
        "lastModified": 1638311312,
        "narHash": "sha256-OMAd3WZ/VtMK0QQwDrrynP6+jOlWLd1yQtnW56+eZtA=",
        "owner": "luisfelipemourapereira",
        "repo": "home-manager",
        "rev": "f23073f1daa769a28a12ac587eea487aa8afb196",
        "type": "github"
      },
      "original": {
        "owner": "luisfelipemourapereira",
        "repo": "home-manager",
        "type": "github"
      }
    },
    "nixpkgs": {
      "locked": {
        "lastModified": 1638238364,
        "narHash": "sha256-AAXH2hbVSAjMLEldBN5eZ4g8ixtNAQ+POFunXchNCXo=",
        "owner": "NixOS",
        "repo": "nixpkgs",
        "rev": "2f0f91fe692b040d79bc0fc8d9af7f166385b752",
        "type": "github"
      },
      "original": {
        "id": "nixpkgs",
        "type": "indirect"
      }
    },
    "nixpkgs_2": {
      "locked": {
        "lastModified": 1638198142,
        "narHash": "sha256-plU9b8r4St6q4U7VHtG9V7oF8k9fIpfXl/KDaZLuY9k=",
        "owner": "nixos",
        "repo": "nixpkgs",
        "rev": "8a308775674e178495767df90c419425474582a1",
        "type": "github"
      },
      "original": {
        "owner": "nixos",
        "ref": "nixos-unstable",
        "repo": "nixpkgs",
        "type": "github"
      }
    },
    "root": {
      "inputs": {
        "home-manager": "home-manager",
        "nixpkgs": "nixpkgs_2"
      }
    }
  },
  "root": "root",
  "version": 7
}
