{
  "nodes": {
    "home-manager": {
      "inputs": {
        "nixpkgs": "nixpkgs"
      },
      "locked": {
        "lastModified": 1638150501,
        "narHash": "sha256-aWH3MRmjUtx8ciSGLegBJC5mhymsuroHPs74ZldrNTU=",
        "owner": "nix-community",
        "repo": "home-manager",
        "rev": "9de77227d7780518cfeaee5a917970247f3ecc56",
        "type": "github"
      },
      "original": {
        "owner": "nix-community",
        "repo": "home-manager",
        "type": "github"
      }
    },
    "nixpkgs": {
      "locked": {
        "lastModified": 1638238364,
        "narHash": "sha256-AAXH2hbVSAjMLEldBN5eZ4g8ixtNAQ+POFunXchNCXo=",
        "owner": "NixOS",
        "repo": "nixpkgs",
        "rev": "2f0f91fe692b040d79bc0fc8d9af7f166385b752",
        "type": "github"
      },
      "original": {
        "id": "nixpkgs",
        "type": "indirect"
      }
    },
    "nixpkgs_2": {
      "locked": {
        "lastModified": 1638198142,
        "narHash": "sha256-plU9b8r4St6q4U7VHtG9V7oF8k9fIpfXl/KDaZLuY9k=",
        "owner": "nixos",
        "repo": "nixpkgs",
        "rev": "8a308775674e178495767df90c419425474582a1",
        "type": "github"
      },
      "original": {
        "owner": "nixos",
        "ref": "nixos-unstable",
        "repo": "nixpkgs",
        "type": "github"
      }
    },
    "nixpkgs_3": {
      "locked": {
        "lastModified": 1639147144,
        "narHash": "sha256-JjM0OzN1tfPU3Vh67EJ6i6Hbax6qj0o5O6Ov8wiUGo8=",
        "owner": "NixOS",
        "repo": "nixpkgs",
        "rev": "91ca3ab15fb7800fd48b84a9940e2432db778d1f",
        "type": "github"
      },
      "original": {
        "id": "nixpkgs",
        "type": "indirect"
      }
    },
    "root": {
      "inputs": {
        "home-manager": "home-manager",
        "nixpkgs": "nixpkgs_2",
        "secrets": "secrets"
      }
    },
    "secrets": {
      "inputs": {
        "nixpkgs": "nixpkgs_3"
      },
      "locked": {
        "lastModified": 1639183106,
        "narHash": "sha256-nO7aSCdKiwbNbkOmTfe+dFQdRFi8Zanah40XB4/rUA8=",
        "ref": "main",
        "rev": "6ee37d8cf11a18ee08b94f6cf3441eab7a364d7f",
        "revCount": 2,
        "type": "git",
        "url": "ssh://git@github.com/luisfelipemourapereira/nix-secrets.git"
      },
      "original": {
        "ref": "main",
        "type": "git",
        "url": "ssh://git@github.com/luisfelipemourapereira/nix-secrets.git"
      }
    }
  },
  "root": "root",
  "version": 7
}
